
Microsoft Visual Studio Solution File, Format Version 12.00
# Visual Studio 15
VisualStudioVersion = 15.0.26730.12
MinimumVisualStudioVersion = 10.0.40219.1
Project("{FAE04EC0-301F-11D3-BF4B-00C04F79EFBC}") = "DynamicArrayProgram", "DynamicArrayProgram\DynamicArrayProgram.csproj", "{37CEFF5D-040D-4E02-B2C9-B6E6AB413D5F}"
EndProject
Global
	GlobalSection(SolutionConfigurationPlatforms) = preSolution
		Debug|Any CPU = Debug|Any CPU
		Release|Any CPU = Release|Any CPU
	EndGlobalSection
	GlobalSection(ProjectConfigurationPlatforms) = postSolution
		{37CEFF5D-040D-4E02-B2C9-B6E6AB413D5F}.Debug|Any CPU.ActiveCfg = Debug|Any CPU
		{37CEFF5D-040D-4E02-B2C9-B6E6AB413D5F}.Debug|Any CPU.Build.0 = Debug|Any CPU
		{37CEFF5D-040D-4E02-B2C9-B6E6AB413D5F}.Release|Any CPU.ActiveCfg = Release|Any CPU
		{37CEFF5D-040D-4E02-B2C9-B6E6AB413D5F}.Release|Any CPU.Build.0 = Release|Any CPU
	EndGlobalSection
	GlobalSection(SolutionProperties) = preSolution
		HideSolutionNode = FALSE
	EndGlobalSection
	GlobalSection(ExtensibilityGlobals) = postSolution
		SolutionGuid = {96F24EC1-3E6D-4961-B031-4AD7BDEBAAC7}
	EndGlobalSection
EndGlobal
