
Microsoft Visual Studio Solution File, Format Version 12.00
# Visual Studio 15
VisualStudioVersion = 15.0.26730.12
MinimumVisualStudioVersion = 10.0.40219.1
Project("{FAE04EC0-301F-11D3-BF4B-00C04F79EFBC}") = "PrintScannerProgram", "PrintScannerProgram\PrintScannerProgram.csproj", "{A25B8FEC-ABCD-45AF-A753-E372EDE5DF1A}"
EndProject
Global
	GlobalSection(SolutionConfigurationPlatforms) = preSolution
		Debug|Any CPU = Debug|Any CPU
		Release|Any CPU = Release|Any CPU
	EndGlobalSection
	GlobalSection(ProjectConfigurationPlatforms) = postSolution
		{A25B8FEC-ABCD-45AF-A753-E372EDE5DF1A}.Debug|Any CPU.ActiveCfg = Debug|Any CPU
		{A25B8FEC-ABCD-45AF-A753-E372EDE5DF1A}.Debug|Any CPU.Build.0 = Debug|Any CPU
		{A25B8FEC-ABCD-45AF-A753-E372EDE5DF1A}.Release|Any CPU.ActiveCfg = Release|Any CPU
		{A25B8FEC-ABCD-45AF-A753-E372EDE5DF1A}.Release|Any CPU.Build.0 = Release|Any CPU
	EndGlobalSection
	GlobalSection(SolutionProperties) = preSolution
		HideSolutionNode = FALSE
	EndGlobalSection
	GlobalSection(ExtensibilityGlobals) = postSolution
		SolutionGuid = {6DB8A6D7-A2C2-4110-AB85-45D0B962D97C}
	EndGlobalSection
EndGlobal
