
Microsoft Visual Studio Solution File, Format Version 12.00
# Visual Studio 15
VisualStudioVersion = 15.0.26730.12
MinimumVisualStudioVersion = 10.0.40219.1
Project("{E24C65DC-7377-472B-9ABA-BC803B73C61A}") = "StudentWebApplication", "..\..\WebSites\StudentWebApplication\", "{6DD695F5-0611-4C9B-9BB1-0D76B9B1ADA1}"
	ProjectSection(WebsiteProperties) = preProject
		TargetFrameworkMoniker = ".NETFramework,Version%3Dv4.6.1"
		Debug.AspNetCompiler.VirtualPath = "/localhost_63274"
		Debug.AspNetCompiler.PhysicalPath = "..\..\WebSites\StudentWebApplication\"
		Debug.AspNetCompiler.TargetPath = "PrecompiledWeb\localhost_63274\"
		Debug.AspNetCompiler.Updateable = "true"
		Debug.AspNetCompiler.ForceOverwrite = "true"
		Debug.AspNetCompiler.FixedNames = "false"
		Debug.AspNetCompiler.Debug = "True"
		Release.AspNetCompiler.VirtualPath = "/localhost_63274"
		Release.AspNetCompiler.PhysicalPath = "..\..\WebSites\StudentWebApplication\"
		Release.AspNetCompiler.TargetPath = "PrecompiledWeb\localhost_63274\"
		Release.AspNetCompiler.Updateable = "true"
		Release.AspNetCompiler.ForceOverwrite = "true"
		Release.AspNetCompiler.FixedNames = "false"
		Release.AspNetCompiler.Debug = "False"
		VWDPort = "63274"
		SlnRelativePath = "..\..\WebSites\StudentWebApplication\"
		DefaultWebSiteLanguage = "Visual C#"
	EndProjectSection
EndProject
Global
	GlobalSection(SolutionConfigurationPlatforms) = preSolution
		Debug|Any CPU = Debug|Any CPU
	EndGlobalSection
	GlobalSection(ProjectConfigurationPlatforms) = postSolution
		{6DD695F5-0611-4C9B-9BB1-0D76B9B1ADA1}.Debug|Any CPU.ActiveCfg = Debug|Any CPU
		{6DD695F5-0611-4C9B-9BB1-0D76B9B1ADA1}.Debug|Any CPU.Build.0 = Debug|Any CPU
	EndGlobalSection
	GlobalSection(SolutionProperties) = preSolution
		HideSolutionNode = FALSE
	EndGlobalSection
	GlobalSection(ExtensibilityGlobals) = postSolution
		SolutionGuid = {92AC23A5-9203-47DA-8439-607703B8B141}
	EndGlobalSection
EndGlobal
