
Microsoft Visual Studio Solution File, Format Version 12.00
# Visual Studio 15
VisualStudioVersion = 15.0.26730.12
MinimumVisualStudioVersion = 10.0.40219.1
Project("{FAE04EC0-301F-11D3-BF4B-00C04F79EFBC}") = "BMICalculationProgram", "BMICalculationProgram\BMICalculationProgram.csproj", "{3CBC02D7-E22A-4497-AD7E-8A8CF234990F}"
EndProject
Project("{FAE04EC0-301F-11D3-BF4B-00C04F79EFBC}") = "ConsoleInputReaderLib", "ConsoleInputReaderLib\ConsoleInputReaderLib.csproj", "{81F97E67-B617-4030-9705-0A2109D61CA6}"
EndProject
Project("{FAE04EC0-301F-11D3-BF4B-00C04F79EFBC}") = "ConsoleDisplayLib", "ConsoleDisplayLib\ConsoleDisplayLib.csproj", "{AF5F144D-0BF3-4261-AEE9-F93187DD85A9}"
EndProject
Project("{FAE04EC0-301F-11D3-BF4B-00C04F79EFBC}") = "BMIValueValidateLib", "BMIValueValidateLib\BMIValueValidateLib.csproj", "{D388F2E2-1182-40C9-92FB-120EC6125466}"
EndProject
Project("{FAE04EC0-301F-11D3-BF4B-00C04F79EFBC}") = "BMICalculateLib", "BMICalculateLib\BMICalculateLib.csproj", "{954524E5-65B6-412D-B10F-5D207A4F8215}"
EndProject
Global
	GlobalSection(SolutionConfigurationPlatforms) = preSolution
		Debug|Any CPU = Debug|Any CPU
		Release|Any CPU = Release|Any CPU
	EndGlobalSection
	GlobalSection(ProjectConfigurationPlatforms) = postSolution
		{3CBC02D7-E22A-4497-AD7E-8A8CF234990F}.Debug|Any CPU.ActiveCfg = Debug|Any CPU
		{3CBC02D7-E22A-4497-AD7E-8A8CF234990F}.Debug|Any CPU.Build.0 = Debug|Any CPU
		{3CBC02D7-E22A-4497-AD7E-8A8CF234990F}.Release|Any CPU.ActiveCfg = Release|Any CPU
		{3CBC02D7-E22A-4497-AD7E-8A8CF234990F}.Release|Any CPU.Build.0 = Release|Any CPU
		{81F97E67-B617-4030-9705-0A2109D61CA6}.Debug|Any CPU.ActiveCfg = Debug|Any CPU
		{81F97E67-B617-4030-9705-0A2109D61CA6}.Debug|Any CPU.Build.0 = Debug|Any CPU
		{81F97E67-B617-4030-9705-0A2109D61CA6}.Release|Any CPU.ActiveCfg = Release|Any CPU
		{81F97E67-B617-4030-9705-0A2109D61CA6}.Release|Any CPU.Build.0 = Release|Any CPU
		{AF5F144D-0BF3-4261-AEE9-F93187DD85A9}.Debug|Any CPU.ActiveCfg = Debug|Any CPU
		{AF5F144D-0BF3-4261-AEE9-F93187DD85A9}.Debug|Any CPU.Build.0 = Debug|Any CPU
		{AF5F144D-0BF3-4261-AEE9-F93187DD85A9}.Release|Any CPU.ActiveCfg = Release|Any CPU
		{AF5F144D-0BF3-4261-AEE9-F93187DD85A9}.Release|Any CPU.Build.0 = Release|Any CPU
		{D388F2E2-1182-40C9-92FB-120EC6125466}.Debug|Any CPU.ActiveCfg = Debug|Any CPU
		{D388F2E2-1182-40C9-92FB-120EC6125466}.Debug|Any CPU.Build.0 = Debug|Any CPU
		{D388F2E2-1182-40C9-92FB-120EC6125466}.Release|Any CPU.ActiveCfg = Release|Any CPU
		{D388F2E2-1182-40C9-92FB-120EC6125466}.Release|Any CPU.Build.0 = Release|Any CPU
		{954524E5-65B6-412D-B10F-5D207A4F8215}.Debug|Any CPU.ActiveCfg = Debug|Any CPU
		{954524E5-65B6-412D-B10F-5D207A4F8215}.Debug|Any CPU.Build.0 = Debug|Any CPU
		{954524E5-65B6-412D-B10F-5D207A4F8215}.Release|Any CPU.ActiveCfg = Release|Any CPU
		{954524E5-65B6-412D-B10F-5D207A4F8215}.Release|Any CPU.Build.0 = Release|Any CPU
	EndGlobalSection
	GlobalSection(SolutionProperties) = preSolution
		HideSolutionNode = FALSE
	EndGlobalSection
	GlobalSection(ExtensibilityGlobals) = postSolution
		SolutionGuid = {E36A67FC-0F97-447C-A3BA-A2332FF664FB}
	EndGlobalSection
EndGlobal
